// !$*UTF8*$!
{
	archiveVersion = 1;
	classes = {
	};
	objectVersion = 46;
	objects = {

/* Begin PBXBuildFile section */
		A55E94261802A5740003E5B9 /* Foundation.framework in Frameworks */ = {isa = PBXBuildFile; fileRef = A55E94251802A5740003E5B9 /* Foundation.framework */; };
		A55E94281802A5740003E5B9 /* CoreGraphics.framework in Frameworks */ = {isa = PBXBuildFile; fileRef = A55E94271802A5740003E5B9 /* CoreGraphics.framework */; };
		A55E942A1802A5740003E5B9 /* UIKit.framework in Frameworks */ = {isa = PBXBuildFile; fileRef = A55E94291802A5740003E5B9 /* UIKit.framework */; };
		A55E94301802A5740003E5B9 /* InfoPlist.strings in Resources */ = {isa = PBXBuildFile; fileRef = A55E942E1802A5740003E5B9 /* InfoPlist.strings */; };
		A55E94321802A5740003E5B9 /* main.m in Sources */ = {isa = PBXBuildFile; fileRef = A55E94311802A5740003E5B9 /* main.m */; };
		A55E94361802A5740003E5B9 /* BullsEyeAppDelegate.m in Sources */ = {isa = PBXBuildFile; fileRef = A55E94351802A5740003E5B9 /* BullsEyeAppDelegate.m */; };
		A55E94391802A5740003E5B9 /* Main.storyboard in Resources */ = {isa = PBXBuildFile; fileRef = A55E94371802A5740003E5B9 /* Main.storyboard */; };
		A55E943C1802A5740003E5B9 /* BullsEyeViewController.m in Sources */ = {isa = PBXBuildFile; fileRef = A55E943B1802A5740003E5B9 /* BullsEyeViewController.m */; };
		A55E94451802A5750003E5B9 /* XCTest.framework in Frameworks */ = {isa = PBXBuildFile; fileRef = A55E94441802A5750003E5B9 /* XCTest.framework */; };
		A55E94461802A5750003E5B9 /* Foundation.framework in Frameworks */ = {isa = PBXBuildFile; fileRef = A55E94251802A5740003E5B9 /* Foundation.framework */; };
		A55E94471802A5750003E5B9 /* UIKit.framework in Frameworks */ = {isa = PBXBuildFile; fileRef = A55E94291802A5740003E5B9 /* UIKit.framework */; };
		A55E944F1802A5750003E5B9 /* InfoPlist.strings in Resources */ = {isa = PBXBuildFile; fileRef = A55E944D1802A5750003E5B9 /* InfoPlist.strings */; };
		A55E94511802A5750003E5B9 /* BullsEyeTests.m in Sources */ = {isa = PBXBuildFile; fileRef = A55E94501802A5750003E5B9 /* BullsEyeTests.m */; };
		A55E945C1802E7460003E5B9 /* aboutViewController.m in Sources */ = {isa = PBXBuildFile; fileRef = A55E945B1802E7460003E5B9 /* aboutViewController.m */; };
		A55E945E180301D70003E5B9 /* BullsEye.html in Resources */ = {isa = PBXBuildFile; fileRef = A55E945D180301D70003E5B9 /* BullsEye.html */; };
		A55E946018030F190003E5B9 /* Images.xcassets in Resources */ = {isa = PBXBuildFile; fileRef = A55E945F18030F190003E5B9 /* Images.xcassets */; };
/* End PBXBuildFile section */

/* Begin PBXContainerItemProxy section */
		A55E94481802A5750003E5B9 /* PBXContainerItemProxy */ = {
			isa = PBXContainerItemProxy;
			containerPortal = A55E941A1802A5740003E5B9 /* Project object */;
			proxyType = 1;
			remoteGlobalIDString = A55E94211802A5740003E5B9;
			remoteInfo = BullsEye;
		};
/* End PBXContainerItemProxy section */

/* Begin PBXFileReference section */
		A55E94221802A5740003E5B9 /* BullsEye.app */ = {isa = PBXFileReference; explicitFileType = wrapper.application; includeInIndex = 0; path = BullsEye.app; sourceTree = BUILT_PRODUCTS_DIR; };
		A55E94251802A5740003E5B9 /* Foundation.framework */ = {isa = PBXFileReference; lastKnownFileType = wrapper.framework; name = Foundation.framework; path = System/Library/Frameworks/Foundation.framework; sourceTree = SDKROOT; };
		A55E94271802A5740003E5B9 /* CoreGraphics.framework */ = {isa = PBXFileReference; lastKnownFileType = wrapper.framework; name = CoreGraphics.framework; path = System/Library/Frameworks/CoreGraphics.framework; sourceTree = SDKROOT; };
		A55E94291802A5740003E5B9 /* UIKit.framework */ = {isa = PBXFileReference; lastKnownFileType = wrapper.framework; name = UIKit.framework; path = System/Library/Frameworks/UIKit.framework; sourceTree = SDKROOT; };
		A55E942D1802A5740003E5B9 /* BullsEye-Info.plist */ = {isa = PBXFileReference; lastKnownFileType = text.plist.xml; path = "BullsEye-Info.plist"; sourceTree = "<group>"; };
		A55E942F1802A5740003E5B9 /* en */ = {isa = PBXFileReference; lastKnownFileType = text.plist.strings; name = en; path = en.lproj/InfoPlist.strings; sourceTree = "<group>"; };
		A55E94311802A5740003E5B9 /* main.m */ = {isa = PBXFileReference; lastKnownFileType = sourcecode.c.objc; path = main.m; sourceTree = "<group>"; };
		A55E94331802A5740003E5B9 /* BullsEye-Prefix.pch */ = {isa = PBXFileReference; lastKnownFileType = sourcecode.c.h; path = "BullsEye-Prefix.pch"; sourceTree = "<group>"; };
		A55E94341802A5740003E5B9 /* BullsEyeAppDelegate.h */ = {isa = PBXFileReference; lastKnownFileType = sourcecode.c.h; path = BullsEyeAppDelegate.h; sourceTree = "<group>"; };
		A55E94351802A5740003E5B9 /* BullsEyeAppDelegate.m */ = {isa = PBXFileReference; lastKnownFileType = sourcecode.c.objc; path = BullsEyeAppDelegate.m; sourceTree = "<group>"; };
		A55E94381802A5740003E5B9 /* Base */ = {isa = PBXFileReference; lastKnownFileType = file.storyboard; name = Base; path = Base.lproj/Main.storyboard; sourceTree = "<group>"; };
		A55E943A1802A5740003E5B9 /* BullsEyeViewController.h */ = {isa = PBXFileReference; lastKnownFileType = sourcecode.c.h; path = BullsEyeViewController.h; sourceTree = "<group>"; };
		A55E943B1802A5740003E5B9 /* BullsEyeViewController.m */ = {isa = PBXFileReference; lastKnownFileType = sourcecode.c.objc; path = BullsEyeViewController.m; sourceTree = "<group>"; };
		A55E94431802A5750003E5B9 /* BullsEyeTests.xctest */ = {isa = PBXFileReference; explicitFileType = wrapper.cfbundle; includeInIndex = 0; path = BullsEyeTests.xctest; sourceTree = BUILT_PRODUCTS_DIR; };
		A55E94441802A5750003E5B9 /* XCTest.framework */ = {isa = PBXFileReference; lastKnownFileType = wrapper.framework; name = XCTest.framework; path = Library/Frameworks/XCTest.framework; sourceTree = DEVELOPER_DIR; };
		A55E944C1802A5750003E5B9 /* BullsEyeTests-Info.plist */ = {isa = PBXFileReference; lastKnownFileType = text.plist.xml; path = "BullsEyeTests-Info.plist"; sourceTree = "<group>"; };
		A55E944E1802A5750003E5B9 /* en */ = {isa = PBXFileReference; lastKnownFileType = text.plist.strings; name = en; path = en.lproj/InfoPlist.strings; sourceTree = "<group>"; };
		A55E94501802A5750003E5B9 /* BullsEyeTests.m */ = {isa = PBXFileReference; lastKnownFileType = sourcecode.c.objc; path = BullsEyeTests.m; sourceTree = "<group>"; };
		A55E945A1802E7460003E5B9 /* aboutViewController.h */ = {isa = PBXFileReference; fileEncoding = 4; lastKnownFileType = sourcecode.c.h; path = aboutViewController.h; sourceTree = "<group>"; };
		A55E945B1802E7460003E5B9 /* aboutViewController.m */ = {isa = PBXFileReference; fileEncoding = 4; lastKnownFileType = sourcecode.c.objc; path = aboutViewController.m; sourceTree = "<group>"; };
		A55E945D180301D70003E5B9 /* BullsEye.html */ = {isa = PBXFileReference; fileEncoding = 4; lastKnownFileType = text.html; path = BullsEye.html; sourceTree = "<group>"; };
		A55E945F18030F190003E5B9 /* Images.xcassets */ = {isa = PBXFileReference; lastKnownFileType = folder.assetcatalog; path = Images.xcassets; sourceTree = "<group>"; };
/* End PBXFileReference section */

/* Begin PBXFrameworksBuildPhase section */
		A55E941F1802A5740003E5B9 /* Frameworks */ = {
			isa = PBXFrameworksBuildPhase;
			buildActionMask = 2147483647;
			files = (
				A55E94281802A5740003E5B9 /* CoreGraphics.framework in Frameworks */,
				A55E942A1802A5740003E5B9 /* UIKit.framework in Frameworks */,
				A55E94261802A5740003E5B9 /* Foundation.framework in Frameworks */,
			);
			runOnlyForDeploymentPostprocessing = 0;
		};
		A55E94401802A5750003E5B9 /* Frameworks */ = {
			isa = PBXFrameworksBuildPhase;
			buildActionMask = 2147483647;
			files = (
				A55E94451802A5750003E5B9 /* XCTest.framework in Frameworks */,
				A55E94471802A5750003E5B9 /* UIKit.framework in Frameworks */,
				A55E94461802A5750003E5B9 /* Foundation.framework in Frameworks */,
			);
			runOnlyForDeploymentPostprocessing = 0;
		};
/* End PBXFrameworksBuildPhase section */

/* Begin PBXGroup section */
		A55E94191802A5740003E5B9 = {
			isa = PBXGroup;
			children = (
				A55E942B1802A5740003E5B9 /* BullsEye */,
				A55E944A1802A5750003E5B9 /* BullsEyeTests */,
				A55E94241802A5740003E5B9 /* Frameworks */,
				A55E94231802A5740003E5B9 /* Products */,
			);
			sourceTree = "<group>";
		};
		A55E94231802A5740003E5B9 /* Products */ = {
			isa = PBXGroup;
			children = (
				A55E94221802A5740003E5B9 /* BullsEye.app */,
				A55E94431802A5750003E5B9 /* BullsEyeTests.xctest */,
			);
			name = Products;
			sourceTree = "<group>";
		};
		A55E94241802A5740003E5B9 /* Frameworks */ = {
			isa = PBXGroup;
			children = (
				A55E94251802A5740003E5B9 /* Foundation.framework */,
				A55E94271802A5740003E5B9 /* CoreGraphics.framework */,
				A55E94291802A5740003E5B9 /* UIKit.framework */,
				A55E94441802A5750003E5B9 /* XCTest.framework */,
			);
			name = Frameworks;
			sourceTree = "<group>";
		};
		A55E942B1802A5740003E5B9 /* BullsEye */ = {
			isa = PBXGroup;
			children = (
				A55E945D180301D70003E5B9 /* BullsEye.html */,
				A55E94341802A5740003E5B9 /* BullsEyeAppDelegate.h */,
				A55E94351802A5740003E5B9 /* BullsEyeAppDelegate.m */,
				A55E94371802A5740003E5B9 /* Main.storyboard */,
				A55E945A1802E7460003E5B9 /* aboutViewController.h */,
				A55E945B1802E7460003E5B9 /* aboutViewController.m */,
				A55E943A1802A5740003E5B9 /* BullsEyeViewController.h */,
				A55E943B1802A5740003E5B9 /* BullsEyeViewController.m */,
				A55E942C1802A5740003E5B9 /* Supporting Files */,
			);
			path = BullsEye;
			sourceTree = "<group>";
		};
		A55E942C1802A5740003E5B9 /* Supporting Files */ = {
			isa = PBXGroup;
			children = (
				A55E942D1802A5740003E5B9 /* BullsEye-Info.plist */,
				A55E942E1802A5740003E5B9 /* InfoPlist.strings */,
				A55E94311802A5740003E5B9 /* main.m */,
				A55E94331802A5740003E5B9 /* BullsEye-Prefix.pch */,
				A55E945F18030F190003E5B9 /* Images.xcassets */,
			);
			name = "Supporting Files";
			sourceTree = "<group>";
		};
		A55E944A1802A5750003E5B9 /* BullsEyeTests */ = {
			isa = PBXGroup;
			children = (
				A55E94501802A5750003E5B9 /* BullsEyeTests.m */,
				A55E944B1802A5750003E5B9 /* Supporting Files */,
			);
			path = BullsEyeTests;
			sourceTree = "<group>";
		};
		A55E944B1802A5750003E5B9 /* Supporting Files */ = {
			isa = PBXGroup;
			children = (
				A55E944C1802A5750003E5B9 /* BullsEyeTests-Info.plist */,
				A55E944D1802A5750003E5B9 /* InfoPlist.strings */,
			);
			name = "Supporting Files";
			sourceTree = "<group>";
		};
/* End PBXGroup section */

/* Begin PBXNativeTarget section */
		A55E94211802A5740003E5B9 /* BullsEye */ = {
			isa = PBXNativeTarget;
			buildConfigurationList = A55E94541802A5750003E5B9 /* Build configuration list for PBXNativeTarget "BullsEye" */;
			buildPhases = (
				A55E941E1802A5740003E5B9 /* Sources */,
				A55E941F1802A5740003E5B9 /* Frameworks */,
				A55E94201802A5740003E5B9 /* Resources */,
			);
			buildRules = (
			);
			dependencies = (
			);
			name = BullsEye;
			productName = BullsEye;
			productReference = A55E94221802A5740003E5B9 /* BullsEye.app */;
			productType = "com.apple.product-type.application";
		};
		A55E94421802A5750003E5B9 /* BullsEyeTests */ = {
			isa = PBXNativeTarget;
			buildConfigurationList = A55E94571802A5750003E5B9 /* Build configuration list for PBXNativeTarget "BullsEyeTests" */;
			buildPhases = (
				A55E943F1802A5750003E5B9 /* Sources */,
				A55E94401802A5750003E5B9 /* Frameworks */,
				A55E94411802A5750003E5B9 /* Resources */,
			);
			buildRules = (
			);
			dependencies = (
				A55E94491802A5750003E5B9 /* PBXTargetDependency */,
			);
			name = BullsEyeTests;
			productName = BullsEyeTests;
			productReference = A55E94431802A5750003E5B9 /* BullsEyeTests.xctest */;
			productType = "com.apple.product-type.bundle.unit-test";
		};
/* End PBXNativeTarget section */

/* Begin PBXProject section */
		A55E941A1802A5740003E5B9 /* Project object */ = {
			isa = PBXProject;
			attributes = {
				CLASSPREFIX = BullsEye;
				LastUpgradeCheck = 0500;
				ORGANIZATIONNAME = "李深龙";
				TargetAttributes = {
					A55E94421802A5750003E5B9 = {
						TestTargetID = A55E94211802A5740003E5B9;
					};
				};
			};
			buildConfigurationList = A55E941D1802A5740003E5B9 /* Build configuration list for PBXProject "BullsEye" */;
			compatibilityVersion = "Xcode 3.2";
			developmentRegion = English;
			hasScannedForEncodings = 0;
			knownRegions = (
				en,
				Base,
			);
			mainGroup = A55E94191802A5740003E5B9;
			productRefGroup = A55E94231802A5740003E5B9 /* Products */;
			projectDirPath = "";
			projectRoot = "";
			targets = (
				A55E94211802A5740003E5B9 /* BullsEye */,
				A55E94421802A5750003E5B9 /* BullsEyeTests */,
			);
		};
/* End PBXProject section */

/* Begin PBXResourcesBuildPhase section */
		A55E94201802A5740003E5B9 /* Resources */ = {
			isa = PBXResourcesBuildPhase;
			buildActionMask = 2147483647;
			files = (
				A55E945E180301D70003E5B9 /* BullsEye.html in Resources */,
				A55E946018030F190003E5B9 /* Images.xcassets in Resources */,
				A55E94301802A5740003E5B9 /* InfoPlist.strings in Resources */,
				A55E94391802A5740003E5B9 /* Main.storyboard in Resources */,
			);
			runOnlyForDeploymentPostprocessing = 0;
		};
		A55E94411802A5750003E5B9 /* Resources */ = {
			isa = PBXResourcesBuildPhase;
			buildActionMask = 2147483647;
			files = (
				A55E944F1802A5750003E5B9 /* InfoPlist.strings in Resources */,
			);
			runOnlyForDeploymentPostprocessing = 0;
		};
/* End PBXResourcesBuildPhase section */

/* Begin PBXSourcesBuildPhase section */
		A55E941E1802A5740003E5B9 /* Sources */ = {
			isa = PBXSourcesBuildPhase;
			buildActionMask = 2147483647;
			files = (
				A55E94321802A5740003E5B9 /* main.m in Sources */,
				A55E943C1802A5740003E5B9 /* BullsEyeViewController.m in Sources */,
				A55E945C1802E7460003E5B9 /* aboutViewController.m in Sources */,
				A55E94361802A5740003E5B9 /* BullsEyeAppDelegate.m in Sources */,
			);
			runOnlyForDeploymentPostprocessing = 0;
		};
		A55E943F1802A5750003E5B9 /* Sources */ = {
			isa = PBXSourcesBuildPhase;
			buildActionMask = 2147483647;
			files = (
				A55E94511802A5750003E5B9 /* BullsEyeTests.m in Sources */,
			);
			runOnlyForDeploymentPostprocessing = 0;
		};
/* End PBXSourcesBuildPhase section */

/* Begin PBXTargetDependency section */
		A55E94491802A5750003E5B9 /* PBXTargetDependency */ = {
			isa = PBXTargetDependency;
			target = A55E94211802A5740003E5B9 /* BullsEye */;
			targetProxy = A55E94481802A5750003E5B9 /* PBXContainerItemProxy */;
		};
/* End PBXTargetDependency section */

/* Begin PBXVariantGroup section */
		A55E942E1802A5740003E5B9 /* InfoPlist.strings */ = {
			isa = PBXVariantGroup;
			children = (
				A55E942F1802A5740003E5B9 /* en */,
			);
			name = InfoPlist.strings;
			sourceTree = "<group>";
		};
		A55E94371802A5740003E5B9 /* Main.storyboard */ = {
			isa = PBXVariantGroup;
			children = (
				A55E94381802A5740003E5B9 /* Base */,
			);
			name = Main.storyboard;
			sourceTree = "<group>";
		};
		A55E944D1802A5750003E5B9 /* InfoPlist.strings */ = {
			isa = PBXVariantGroup;
			children = (
				A55E944E1802A5750003E5B9 /* en */,
			);
			name = InfoPlist.strings;
			sourceTree = "<group>";
		};
/* End PBXVariantGroup section */

/* Begin XCBuildConfiguration section */
		A55E94521802A5750003E5B9 /* Debug */ = {
			isa = XCBuildConfiguration;
			buildSettings = {
				ALWAYS_SEARCH_USER_PATHS = NO;
				ARCHS = "$(ARCHS_STANDARD_INCLUDING_64_BIT)";
				CLANG_CXX_LANGUAGE_STANDARD = "gnu++0x";
				CLANG_CXX_LIBRARY = "libc++";
				CLANG_ENABLE_MODULES = YES;
				CLANG_ENABLE_OBJC_ARC = YES;
				CLANG_WARN_BOOL_CONVERSION = YES;
				CLANG_WARN_CONSTANT_CONVERSION = YES;
				CLANG_WARN_DIRECT_OBJC_ISA_USAGE = YES_ERROR;
				CLANG_WARN_EMPTY_BODY = YES;
				CLANG_WARN_ENUM_CONVERSION = YES;
				CLANG_WARN_INT_CONVERSION = YES;
				CLANG_WARN_OBJC_ROOT_CLASS = YES_ERROR;
				CLANG_WARN__DUPLICATE_METHOD_MATCH = YES;
				"CODE_SIGN_IDENTITY[sdk=iphoneos*]" = "iPhone Developer";
				COPY_PHASE_STRIP = NO;
				GCC_C_LANGUAGE_STANDARD = gnu99;
				GCC_DYNAMIC_NO_PIC = NO;
				GCC_OPTIMIZATION_LEVEL = 0;
				GCC_PREPROCESSOR_DEFINITIONS = (
					"DEBUG=1",
					"$(inherited)",
				);
				GCC_SYMBOLS_PRIVATE_EXTERN = NO;
				GCC_WARN_64_TO_32_BIT_CONVERSION = YES;
				GCC_WARN_ABOUT_RETURN_TYPE = YES_ERROR;
				GCC_WARN_UNDECLARED_SELECTOR = YES;
				GCC_WARN_UNINITIALIZED_AUTOS = YES;
				GCC_WARN_UNUSED_FUNCTION = YES;
				GCC_WARN_UNUSED_VARIABLE = YES;
				IPHONEOS_DEPLOYMENT_TARGET = 7.0;
				ONLY_ACTIVE_ARCH = YES;
				SDKROOT = iphoneos;
			};
			name = Debug;
		};
		A55E94531802A5750003E5B9 /* Release */ = {
			isa = XCBuildConfiguration;
			buildSettings = {
				ALWAYS_SEARCH_USER_PATHS = NO;
				ARCHS = "$(ARCHS_STANDARD_INCLUDING_64_BIT)";
				CLANG_CXX_LANGUAGE_STANDARD = "gnu++0x";
				CLANG_CXX_LIBRARY = "libc++";
				CLANG_ENABLE_MODULES = YES;
				CLANG_ENABLE_OBJC_ARC = YES;
				CLANG_WARN_BOOL_CONVERSION = YES;
				CLANG_WARN_CONSTANT_CONVERSION = YES;
				CLANG_WARN_DIRECT_OBJC_ISA_USAGE = YES_ERROR;
				CLANG_WARN_EMPTY_BODY = YES;
				CLANG_WARN_ENUM_CONVERSION = YES;
				CLANG_WARN_INT_CONVERSION = YES;
				CLANG_WARN_OBJC_ROOT_CLASS = YES_ERROR;
				CLANG_WARN__DUPLICATE_METHOD_MATCH = YES;
				"CODE_SIGN_IDENTITY[sdk=iphoneos*]" = "iPhone Developer";
				COPY_PHASE_STRIP = YES;
				ENABLE_NS_ASSERTIONS = NO;
				GCC_C_LANGUAGE_STANDARD = gnu99;
				GCC_WARN_64_TO_32_BIT_CONVERSION = YES;
				GCC_WARN_ABOUT_RETURN_TYPE = YES_ERROR;
				GCC_WARN_UNDECLARED_SELECTOR = YES;
				GCC_WARN_UNINITIALIZED_AUTOS = YES;
				GCC_WARN_UNUSED_FUNCTION = YES;
				GCC_WARN_UNUSED_VARIABLE = YES;
				IPHONEOS_DEPLOYMENT_TARGET = 7.0;
				SDKROOT = iphoneos;
				VALIDATE_PRODUCT = YES;
			};
			name = Release;
		};
		A55E94551802A5750003E5B9 /* Debug */ = {
			isa = XCBuildConfiguration;
			buildSettings = {
				ASSETCATALOG_COMPILER_APPICON_NAME = AppIcon;
				ASSETCATALOG_COMPILER_LAUNCHIMAGE_NAME = LaunchImage;
				GCC_PRECOMPILE_PREFIX_HEADER = YES;
				GCC_PREFIX_HEADER = "BullsEye/BullsEye-Prefix.pch";
				INFOPLIST_FILE = "BullsEye/BullsEye-Info.plist";
				PRODUCT_NAME = "$(TARGET_NAME)";
				WRAPPER_EXTENSION = app;
			};
			name = Debug;
		};
		A55E94561802A5750003E5B9 /* Release */ = {
			isa = XCBuildConfiguration;
			buildSettings = {
				ASSETCATALOG_COMPILER_APPICON_NAME = AppIcon;
				ASSETCATALOG_COMPILER_LAUNCHIMAGE_NAME = LaunchImage;
				GCC_PRECOMPILE_PREFIX_HEADER = YES;
				GCC_PREFIX_HEADER = "BullsEye/BullsEye-Prefix.pch";
				INFOPLIST_FILE = "BullsEye/BullsEye-Info.plist";
				PRODUCT_NAME = "$(TARGET_NAME)";
				WRAPPER_EXTENSION = app;
			};
			name = Release;
		};
		A55E94581802A5750003E5B9 /* Debug */ = {
			isa = XCBuildConfiguration;
			buildSettings = {
				ARCHS = "$(ARCHS_STANDARD_INCLUDING_64_BIT)";
				BUNDLE_LOADER = "$(BUILT_PRODUCTS_DIR)/BullsEye.app/BullsEye";
				FRAMEWORK_SEARCH_PATHS = (
					"$(SDKROOT)/Developer/Library/Frameworks",
					"$(inherited)",
					"$(DEVELOPER_FRAMEWORKS_DIR)",
				);
				GCC_PRECOMPILE_PREFIX_HEADER = YES;
				GCC_PREFIX_HEADER = "BullsEye/BullsEye-Prefix.pch";
				GCC_PREPROCESSOR_DEFINITIONS = (
					"DEBUG=1",
					"$(inherited)",
				);
				INFOPLIST_FILE = "BullsEyeTests/BullsEyeTests-Info.plist";
				PRODUCT_NAME = "$(TARGET_NAME)";
				TEST_HOST = "$(BUNDLE_LOADER)";
				WRAPPER_EXTENSION = xctest;
			};
			name = Debug;
		};
		A55E94591802A5750003E5B9 /* Release */ = {
			isa = XCBuildConfiguration;
			buildSettings = {
				ARCHS = "$(ARCHS_STANDARD_INCLUDING_64_BIT)";
				BUNDLE_LOADER = "$(BUILT_PRODUCTS_DIR)/BullsEye.app/BullsEye";
				FRAMEWORK_SEARCH_PATHS = (
					"$(SDKROOT)/Developer/Library/Frameworks",
					"$(inherited)",
					"$(DEVELOPER_FRAMEWORKS_DIR)",
				);
				GCC_PRECOMPILE_PREFIX_HEADER = YES;
				GCC_PREFIX_HEADER = "BullsEye/BullsEye-Prefix.pch";
				INFOPLIST_FILE = "BullsEyeTests/BullsEyeTests-Info.plist";
				PRODUCT_NAME = "$(TARGET_NAME)";
				TEST_HOST = "$(BUNDLE_LOADER)";
				WRAPPER_EXTENSION = xctest;
			};
			name = Release;
		};
/* End XCBuildConfiguration section */

/* Begin XCConfigurationList section */
		A55E941D1802A5740003E5B9 /* Build configuration list for PBXProject "BullsEye" */ = {
			isa = XCConfigurationList;
			buildConfigurations = (
				A55E94521802A5750003E5B9 /* Debug */,
				A55E94531802A5750003E5B9 /* Release */,
			);
			defaultConfigurationIsVisible = 0;
			defaultConfigurationName = Release;
		};
		A55E94541802A5750003E5B9 /* Build configuration list for PBXNativeTarget "BullsEye" */ = {
			isa = XCConfigurationList;
			buildConfigurations = (
				A55E94551802A5750003E5B9 /* Debug */,
				A55E94561802A5750003E5B9 /* Release */,
			);
			defaultConfigurationIsVisible = 0;
			defaultConfigurationName = Release;
		};
		A55E94571802A5750003E5B9 /* Build configuration list for PBXNativeTarget "BullsEyeTests" */ = {
			isa = XCConfigurationList;
			buildConfigurations = (
				A55E94581802A5750003E5B9 /* Debug */,
				A55E94591802A5750003E5B9 /* Release */,
			);
			defaultConfigurationIsVisible = 0;
			defaultConfigurationName = Release;
		};
/* End XCConfigurationList section */
	};
	rootObject = A55E941A1802A5740003E5B9 /* Project object */;
}
